
Microsoft Visual Studio Solution File, Format Version 12.00
# Visual Studio Version 16
VisualStudioVersion = 16.0.31410.357
MinimumVisualStudioVersion = 10.0.40219.1
Project("{FAE04EC0-301F-11D3-BF4B-00C04F79EFBC}") = "UrunApp", "UrunApp\UrunApp.csproj", "{A58CCA08-2730-47D6-91FC-45CDED34C0DE}"
EndProject
Project("{FAE04EC0-301F-11D3-BF4B-00C04F79EFBC}") = "TestProject1", "TestProject1\TestProject1.csproj", "{FA61522F-B597-4D9A-8B52-2F12AF0C7D59}"
EndProject
Global
	GlobalSection(SolutionConfigurationPlatforms) = preSolution
		Debug|Any CPU = Debug|Any CPU
		Release|Any CPU = Release|Any CPU
	EndGlobalSection
	GlobalSection(ProjectConfigurationPlatforms) = postSolution
		{A58CCA08-2730-47D6-91FC-45CDED34C0DE}.Debug|Any CPU.ActiveCfg = Debug|Any CPU
		{A58CCA08-2730-47D6-91FC-45CDED34C0DE}.Debug|Any CPU.Build.0 = Debug|Any CPU
		{A58CCA08-2730-47D6-91FC-45CDED34C0DE}.Release|Any CPU.ActiveCfg = Release|Any CPU
		{A58CCA08-2730-47D6-91FC-45CDED34C0DE}.Release|Any CPU.Build.0 = Release|Any CPU
		{FA61522F-B597-4D9A-8B52-2F12AF0C7D59}.Debug|Any CPU.ActiveCfg = Debug|Any CPU
		{FA61522F-B597-4D9A-8B52-2F12AF0C7D59}.Debug|Any CPU.Build.0 = Debug|Any CPU
		{FA61522F-B597-4D9A-8B52-2F12AF0C7D59}.Release|Any CPU.ActiveCfg = Release|Any CPU
		{FA61522F-B597-4D9A-8B52-2F12AF0C7D59}.Release|Any CPU.Build.0 = Release|Any CPU
	EndGlobalSection
	GlobalSection(SolutionProperties) = preSolution
		HideSolutionNode = FALSE
	EndGlobalSection
	GlobalSection(ExtensibilityGlobals) = postSolution
		SolutionGuid = {7037ACE3-C6AF-405A-A0F1-2A217DC14DAC}
	EndGlobalSection
EndGlobal
